
Microsoft Visual Studio Solution File, Format Version 12.00
# Visual Studio Version 16
VisualStudioVersion = 16.0.30907.101
MinimumVisualStudioVersion = 10.0.40219.1
Project("{FAE04EC0-301F-11D3-BF4B-00C04F79EFBC}") = "EasyInnoSetupForUnity", "EasyInnoSetupForUnity\EasyInnoSetupForUnity.csproj", "{84F1AA57-0447-4D2B-ADFA-E07A0D73A908}"
EndProject
Global
	GlobalSection(SolutionConfigurationPlatforms) = preSolution
		Debug|Any CPU = Debug|Any CPU
		Release|Any CPU = Release|Any CPU
	EndGlobalSection
	GlobalSection(ProjectConfigurationPlatforms) = postSolution
		{84F1AA57-0447-4D2B-ADFA-E07A0D73A908}.Debug|Any CPU.ActiveCfg = Debug|Any CPU
		{84F1AA57-0447-4D2B-ADFA-E07A0D73A908}.Debug|Any CPU.Build.0 = Debug|Any CPU
		{84F1AA57-0447-4D2B-ADFA-E07A0D73A908}.Release|Any CPU.ActiveCfg = Release|Any CPU
		{84F1AA57-0447-4D2B-ADFA-E07A0D73A908}.Release|Any CPU.Build.0 = Release|Any CPU
	EndGlobalSection
	GlobalSection(SolutionProperties) = preSolution
		HideSolutionNode = FALSE
	EndGlobalSection
	GlobalSection(ExtensibilityGlobals) = postSolution
		SolutionGuid = {F5FF2FE0-8D43-4DBB-8DB6-D52EA32ECA48}
	EndGlobalSection
EndGlobal
